
Microsoft Visual Studio Solution File, Format Version 12.00
# Visual Studio Version 16
VisualStudioVersion = 16.0.32901.82
MinimumVisualStudioVersion = 10.0.40219.1
Project("{FAE04EC0-301F-11D3-BF4B-00C04F79EFBC}") = "PC_Contr", "PC_Contr.csproj", "{D425A1A1-AEAE-461D-AA47-1662C714B926}"
EndProject
Global
	GlobalSection(SolutionConfigurationPlatforms) = preSolution
		Debug|Any CPU = Debug|Any CPU
		Release|Any CPU = Release|Any CPU
	EndGlobalSection
	GlobalSection(ProjectConfigurationPlatforms) = postSolution
		{D425A1A1-AEAE-461D-AA47-1662C714B926}.Debug|Any CPU.ActiveCfg = Debug|Any CPU
		{D425A1A1-AEAE-461D-AA47-1662C714B926}.Debug|Any CPU.Build.0 = Debug|Any CPU
		{D425A1A1-AEAE-461D-AA47-1662C714B926}.Release|Any CPU.ActiveCfg = Release|Any CPU
		{D425A1A1-AEAE-461D-AA47-1662C714B926}.Release|Any CPU.Build.0 = Release|Any CPU
	EndGlobalSection
	GlobalSection(SolutionProperties) = preSolution
		HideSolutionNode = FALSE
	EndGlobalSection
	GlobalSection(ExtensibilityGlobals) = postSolution
		SolutionGuid = {B2357450-0EA2-40B3-B6F8-B870FE334455}
	EndGlobalSection
EndGlobal
